
Microsoft Visual Studio Solution File, Format Version 12.00
# Visual Studio Version 17
VisualStudioVersion = 17.0.31903.59
MinimumVisualStudioVersion = 10.0.40219.1
Project("{FAE04EC0-301F-11D3-BF4B-00C04F79EFBC}") = "Niveau1", "Niveau1\Niveau1.csproj", "{6AB43AF6-C62A-4D91-926C-627A19DEEE82}"
EndProject
Project("{FAE04EC0-301F-11D3-BF4B-00C04F79EFBC}") = "Niveau2", "Niveau2\Niveau2.csproj", "{A74194D6-F715-4F3D-88A7-EFDFE51A1116}"
EndProject
Project("{FAE04EC0-301F-11D3-BF4B-00C04F79EFBC}") = "Niveau3", "Niveau3\Niveau3.csproj", "{E79FDA96-C74C-48C1-B1E2-300A72D5BB11}"
EndProject
Project("{FAE04EC0-301F-11D3-BF4B-00C04F79EFBC}") = "Niveau3_2", "Niveau3_2\Niveau3_2.csproj", "{8FCF85C9-A88C-424C-B67D-B14468326AF3}"
EndProject
Global
	GlobalSection(SolutionConfigurationPlatforms) = preSolution
		Debug|Any CPU = Debug|Any CPU
		Release|Any CPU = Release|Any CPU
	EndGlobalSection
	GlobalSection(SolutionProperties) = preSolution
		HideSolutionNode = FALSE
	EndGlobalSection
	GlobalSection(ProjectConfigurationPlatforms) = postSolution
		{6AB43AF6-C62A-4D91-926C-627A19DEEE82}.Debug|Any CPU.ActiveCfg = Debug|Any CPU
		{6AB43AF6-C62A-4D91-926C-627A19DEEE82}.Debug|Any CPU.Build.0 = Debug|Any CPU
		{6AB43AF6-C62A-4D91-926C-627A19DEEE82}.Release|Any CPU.ActiveCfg = Release|Any CPU
		{6AB43AF6-C62A-4D91-926C-627A19DEEE82}.Release|Any CPU.Build.0 = Release|Any CPU
		{A74194D6-F715-4F3D-88A7-EFDFE51A1116}.Debug|Any CPU.ActiveCfg = Debug|Any CPU
		{A74194D6-F715-4F3D-88A7-EFDFE51A1116}.Debug|Any CPU.Build.0 = Debug|Any CPU
		{A74194D6-F715-4F3D-88A7-EFDFE51A1116}.Release|Any CPU.ActiveCfg = Release|Any CPU
		{A74194D6-F715-4F3D-88A7-EFDFE51A1116}.Release|Any CPU.Build.0 = Release|Any CPU
		{E79FDA96-C74C-48C1-B1E2-300A72D5BB11}.Debug|Any CPU.ActiveCfg = Debug|Any CPU
		{E79FDA96-C74C-48C1-B1E2-300A72D5BB11}.Debug|Any CPU.Build.0 = Debug|Any CPU
		{E79FDA96-C74C-48C1-B1E2-300A72D5BB11}.Release|Any CPU.ActiveCfg = Release|Any CPU
		{E79FDA96-C74C-48C1-B1E2-300A72D5BB11}.Release|Any CPU.Build.0 = Release|Any CPU
		{8FCF85C9-A88C-424C-B67D-B14468326AF3}.Debug|Any CPU.ActiveCfg = Debug|Any CPU
		{8FCF85C9-A88C-424C-B67D-B14468326AF3}.Debug|Any CPU.Build.0 = Debug|Any CPU
		{8FCF85C9-A88C-424C-B67D-B14468326AF3}.Release|Any CPU.ActiveCfg = Release|Any CPU
		{8FCF85C9-A88C-424C-B67D-B14468326AF3}.Release|Any CPU.Build.0 = Release|Any CPU
	EndGlobalSection
EndGlobal
